
Microsoft Visual Studio Solution File, Format Version 12.00
# Visual Studio 15
VisualStudioVersion = 15.0.28010.2016
MinimumVisualStudioVersion = 10.0.40219.1
Project("{FAE04EC0-301F-11D3-BF4B-00C04F79EFBC}") = "DataBaseProgrammering3_Projekt", "DataBaseProgrammering3_Projekt\DataBaseProgrammering3_Projekt.csproj", "{301FB5FE-81FF-4473-93D9-0E4D557123A2}"
EndProject
Project("{FAE04EC0-301F-11D3-BF4B-00C04F79EFBC}") = "DataLayer", "DataLayer\DataLayer.csproj", "{CBFA0667-2200-4A9C-BC00-8BF5231DD8AF}"
EndProject
Project("{FAE04EC0-301F-11D3-BF4B-00C04F79EFBC}") = "ServiceLayer", "ServiceLayer\ServiceLayer.csproj", "{C58152B8-4302-4D02-B9EC-587580C814ED}"
EndProject
Global
	GlobalSection(SolutionConfigurationPlatforms) = preSolution
		Debug|Any CPU = Debug|Any CPU
		Release|Any CPU = Release|Any CPU
	EndGlobalSection
	GlobalSection(ProjectConfigurationPlatforms) = postSolution
		{301FB5FE-81FF-4473-93D9-0E4D557123A2}.Debug|Any CPU.ActiveCfg = Debug|Any CPU
		{301FB5FE-81FF-4473-93D9-0E4D557123A2}.Debug|Any CPU.Build.0 = Debug|Any CPU
		{301FB5FE-81FF-4473-93D9-0E4D557123A2}.Release|Any CPU.ActiveCfg = Release|Any CPU
		{301FB5FE-81FF-4473-93D9-0E4D557123A2}.Release|Any CPU.Build.0 = Release|Any CPU
		{CBFA0667-2200-4A9C-BC00-8BF5231DD8AF}.Debug|Any CPU.ActiveCfg = Debug|Any CPU
		{CBFA0667-2200-4A9C-BC00-8BF5231DD8AF}.Debug|Any CPU.Build.0 = Debug|Any CPU
		{CBFA0667-2200-4A9C-BC00-8BF5231DD8AF}.Release|Any CPU.ActiveCfg = Release|Any CPU
		{CBFA0667-2200-4A9C-BC00-8BF5231DD8AF}.Release|Any CPU.Build.0 = Release|Any CPU
		{C58152B8-4302-4D02-B9EC-587580C814ED}.Debug|Any CPU.ActiveCfg = Debug|Any CPU
		{C58152B8-4302-4D02-B9EC-587580C814ED}.Debug|Any CPU.Build.0 = Debug|Any CPU
		{C58152B8-4302-4D02-B9EC-587580C814ED}.Release|Any CPU.ActiveCfg = Release|Any CPU
		{C58152B8-4302-4D02-B9EC-587580C814ED}.Release|Any CPU.Build.0 = Release|Any CPU
	EndGlobalSection
	GlobalSection(SolutionProperties) = preSolution
		HideSolutionNode = FALSE
	EndGlobalSection
	GlobalSection(ExtensibilityGlobals) = postSolution
		SolutionGuid = {81E7735D-564B-47AE-B283-DA4EB4DF5A64}
	EndGlobalSection
EndGlobal
